<Solution>
  <Folder Name="/Task0/">
    <Project Path="Tyuiu.MaslovDM.Sprint1.Task0.V11.Lib/Tyuiu.MaslovDM.Sprint1.Task0.V11.Lib.csproj" Id="54d94101-bf5a-41c6-9e86-3451d07016ff" />
    <Project Path="Tyuiu.MaslovDM.Sprint1.Task0.V11.Test/Tyuiu.MaslovDM.Sprint1.Task0.V11.Test.csproj" Id="e7b927ee-b3dd-4fba-b542-12c941b46045" />
    <Project Path="Tyuiu.MaslovDM.Sprint1.Task0.V11/Tyuiu.MaslovDM.Sprint1.Task0.V11.csproj" Id="7899d53b-ab39-4d2f-abfb-8b0653163ad9" />
  </Folder>
  <Folder Name="/Task1/">
    <Project Path="Tyuiu.MaslovDM.Sprint1.Task1.V14.Lib/Tyuiu.MaslovDM.Sprint1.Task1.V14.Lib.csproj" Id="f1ea3a57-e06d-40a7-a291-cf83d9a541f9" />
    <Project Path="Tyuiu.MaslovDM.Sprint1.Task1.V14.Test/Tyuiu.MaslovDM.Sprint1.Task1.V14.Test.csproj" Id="efbd564e-13d7-4274-a2d7-a2e6377f7ebb" />
    <Project Path="Tyuiu.MaslovDM.Sprint1.Task1.V14/Tyuiu.MaslovDM.Sprint1.Task1.V14.csproj" Id="5147283a-4d72-4ec9-a2a6-deacdfcd0fac" />
  </Folder>
  <Folder Name="/Task2/">
    <Project Path="Tyuiu.MaslovDM.Sprint1.Task2.V18.Lib/Tyuiu.MaslovDM.Sprint1.Task2.V18.Lib.csproj" Id="d9afe4a7-2e0d-41da-9237-3143a78d29d7" />
    <Project Path="Tyuiu.MaslovDM.Sprint1.Task2.V18.Test/Tyuiu.MaslovDM.Sprint1.Task2.V18.Test.csproj" Id="ffc4eda4-804b-42b7-a172-e6c6ee8bf3c2" />
    <Project Path="Tyuiu.MaslovDM.Sprint1.Task2.V18/Tyuiu.MaslovDM.Sprint1.Task2.V18.csproj" Id="d0ef6894-c9c6-4f21-83c5-9f1d154f225e" />
  </Folder>
  <Folder Name="/Task3/">
    <Project Path="Tyuiu.MaslovDM.Sprint1.Task3.V18.Lib/Tyuiu.MaslovDM.Sprint1.Task3.V18.Lib.csproj" Id="e90726ed-3ce3-4c67-b118-0d21fc34aa54" />
    <Project Path="Tyuiu.MaslovDM.Sprint1.Task3.V18.Test/Tyuiu.MaslovDM.Sprint1.Task3.V18.Test.csproj" Id="467b3cce-40d7-41d8-90c3-b70697ed592b" />
    <Project Path="Tyuiu.MaslovDM.Sprint1.Task3.V18/Tyuiu.MaslovDM.Sprint1.Task3.V18.csproj" Id="ed50ed38-7f9f-4c8a-b521-62efc6b99e59" />
  </Folder>
  <Folder Name="/Task4/">
    <Project Path="Tyuiu.MaslovDM.Sprint1.Task4.V3.Lib/Tyuiu.MaslovDM.Sprint1.Task4.V3.Lib.csproj" Id="a5e99238-0107-49db-8555-0c8166e715ac" />
    <Project Path="Tyuiu.MaslovDM.Sprint1.Task4.V3.Test/Tyuiu.MaslovDM.Sprint1.Task4.V3.Test.csproj" Id="df876a36-38c1-4687-9ace-d94a9db819bf" />
    <Project Path="Tyuiu.MaslovDM.Sprint1.Task4.V3/Tyuiu.MaslovDM.Sprint1.Task4.V3.csproj" Id="bb502465-0375-433d-8d11-73d7e3f02f51" />
  </Folder>
  <Folder Name="/Task5/">
    <Project Path="Tyuiu.MaslovDM.Sprint1.Task5.V6.Lib/Tyuiu.MaslovDM.Sprint1.Task5.V6.Lib.csproj" Id="8888de83-3699-4fe7-91b6-25212ab48cfe" />
    <Project Path="Tyuiu.MaslovDM.Sprint1.Task5.V6.Test/Tyuiu.MaslovDM.Sprint1.Task5.V6.Test.csproj" Id="408a80a3-3274-4de0-b639-1c1a2954f766" />
    <Project Path="Tyuiu.MaslovDM.Sprint1.Task5.V6/Tyuiu.MaslovDM.Sprint1.Task5.V6.csproj" Id="6cd1a755-3cc5-4149-9465-38f9cddb3c3a" />
  </Folder>
</Solution>
